
Microsoft Visual Studio Solution File, Format Version 12.00
# Visual Studio 2013
VisualStudioVersion = 12.0.30723.0
MinimumVisualStudioVersion = 10.0.40219.1
Project("{FAE04EC0-301F-11D3-BF4B-00C04F79EFBC}") = "Camalot.Common", "Camalot.Common\Camalot.Common.csproj", "{DF6FE85F-0CF4-4F29-8A38-878D570E8F4D}"
EndProject
Project("{FAE04EC0-301F-11D3-BF4B-00C04F79EFBC}") = "Camalot.Common.UnitTest", "Camalot.Common.UnitTest\Camalot.Common.UnitTest.csproj", "{EBE073E3-F299-45DB-8D1A-DA44C106166A}"
EndProject
Project("{2150E333-8FDC-42A3-9474-1A3956D46DE8}") = "Build", "Build", "{FC12048A-A1BD-4CD8-B5AE-FF81E73C0982}"
	ProjectSection(SolutionItems) = preProject
		Build\Build.msbuild = Build\Build.msbuild
		Build\Camalot.Common.Mvc3.nuspec = Build\Camalot.Common.Mvc3.nuspec
		Build\Camalot.Common.Mvc4.nuspec = Build\Camalot.Common.Mvc4.nuspec
		Build\Camalot.Common.Mvc5.nuspec = Build\Camalot.Common.Mvc5.nuspec
		Build\Camalot.Common.nuspec = Build\Camalot.Common.nuspec
		Build\Camalot.Common.Owin.nuspec = Build\Camalot.Common.Owin.nuspec
		Build\camalot.common.testsettings = Build\camalot.common.testsettings
		Build\MSBuild.Community.Tasks.dll = Build\MSBuild.Community.Tasks.dll
		Build\MSBuild.Community.Tasks.Targets = Build\MSBuild.Community.Tasks.Targets
		Build\MSBuild.Community.Tasks.xml = Build\MSBuild.Community.Tasks.xml
		Build\nuget.bat = Build\nuget.bat
		Build\NugetPublish.msbuild = Build\NugetPublish.msbuild
		Build\WebPublish.msbuild = Build\WebPublish.msbuild
	EndProjectSection
EndProject
Project("{2150E333-8FDC-42A3-9474-1A3956D46DE8}") = ".nuget", ".nuget", "{86343AC3-937F-4113-9EAD-DD0296A17C39}"
	ProjectSection(SolutionItems) = preProject
		.nuget\NuGet.Config = .nuget\NuGet.Config
		.nuget\NuGet.exe = .nuget\NuGet.exe
		.nuget\NuGet.targets = .nuget\NuGet.targets
	EndProjectSection
EndProject
Project("{2150E333-8FDC-42A3-9474-1A3956D46DE8}") = "License", "License", "{207622DE-98E6-410E-B56E-A6AFFC463F02}"
	ProjectSection(SolutionItems) = preProject
		..\.gitattributes = ..\.gitattributes
		..\.gitignore = ..\.gitignore
		..\License.md = ..\License.md
		..\README.md = ..\README.md
	EndProjectSection
EndProject
Project("{FAE04EC0-301F-11D3-BF4B-00C04F79EFBC}") = "Camalot.Common.Mvc5", "Camalot.Common.Mvc5\Camalot.Common.Mvc5.csproj", "{A4F6DA8C-180F-4ADC-A127-BD6E10854058}"
EndProject
Project("{FAE04EC0-301F-11D3-BF4B-00C04F79EFBC}") = "Camalot.Common.Mvc4", "Camalot.Common.Mvc4\Camalot.Common.Mvc4.csproj", "{1DE05D3F-2EEC-497D-B507-284B5579738D}"
EndProject
Project("{2150E333-8FDC-42A3-9474-1A3956D46DE8}") = "Mvc", "Mvc", "{76A473EE-2EF9-4BEC-ABB4-FF4CC9A5DE8B}"
EndProject
Project("{FAE04EC0-301F-11D3-BF4B-00C04F79EFBC}") = "Camalot.Common.Mvc", "Camalot.Common.Mvc\Camalot.Common.Mvc.csproj", "{FFC27262-8A85-452C-A483-A42422282CAC}"
EndProject
Project("{2150E333-8FDC-42A3-9474-1A3956D46DE8}") = "Owin", "Owin", "{CF6FDD37-573D-442B-80FE-FC0902D69180}"
EndProject
Project("{FAE04EC0-301F-11D3-BF4B-00C04F79EFBC}") = "Camalot.Common.Owin", "Camalot.Common.Owin\Camalot.Common.Owin.csproj", "{A038B7F2-53A2-46D7-BC79-FC8C2420240E}"
EndProject
Project("{2150E333-8FDC-42A3-9474-1A3956D46DE8}") = "Web", "Web", "{BBE40798-65C1-4839-A82A-090D84CE53CD}"
EndProject
Project("{FAE04EC0-301F-11D3-BF4B-00C04F79EFBC}") = "Camalot.Common.Razzle", "Camalot.Common.Razzle\Camalot.Common.Razzle.csproj", "{811515AB-5FAB-4283-92B3-1884151F9EB8}"
EndProject
Global
	GlobalSection(SolutionConfigurationPlatforms) = preSolution
		Debug|Any CPU = Debug|Any CPU
		Release|Any CPU = Release|Any CPU
	EndGlobalSection
	GlobalSection(ProjectConfigurationPlatforms) = postSolution
		{DF6FE85F-0CF4-4F29-8A38-878D570E8F4D}.Debug|Any CPU.ActiveCfg = Debug|Any CPU
		{DF6FE85F-0CF4-4F29-8A38-878D570E8F4D}.Debug|Any CPU.Build.0 = Debug|Any CPU
		{DF6FE85F-0CF4-4F29-8A38-878D570E8F4D}.Release|Any CPU.ActiveCfg = Release|Any CPU
		{DF6FE85F-0CF4-4F29-8A38-878D570E8F4D}.Release|Any CPU.Build.0 = Release|Any CPU
		{EBE073E3-F299-45DB-8D1A-DA44C106166A}.Debug|Any CPU.ActiveCfg = Debug|Any CPU
		{EBE073E3-F299-45DB-8D1A-DA44C106166A}.Debug|Any CPU.Build.0 = Debug|Any CPU
		{EBE073E3-F299-45DB-8D1A-DA44C106166A}.Release|Any CPU.ActiveCfg = Release|Any CPU
		{EBE073E3-F299-45DB-8D1A-DA44C106166A}.Release|Any CPU.Build.0 = Release|Any CPU
		{A4F6DA8C-180F-4ADC-A127-BD6E10854058}.Debug|Any CPU.ActiveCfg = Debug|Any CPU
		{A4F6DA8C-180F-4ADC-A127-BD6E10854058}.Debug|Any CPU.Build.0 = Debug|Any CPU
		{A4F6DA8C-180F-4ADC-A127-BD6E10854058}.Release|Any CPU.ActiveCfg = Release|Any CPU
		{A4F6DA8C-180F-4ADC-A127-BD6E10854058}.Release|Any CPU.Build.0 = Release|Any CPU
		{1DE05D3F-2EEC-497D-B507-284B5579738D}.Debug|Any CPU.ActiveCfg = Debug|Any CPU
		{1DE05D3F-2EEC-497D-B507-284B5579738D}.Debug|Any CPU.Build.0 = Debug|Any CPU
		{1DE05D3F-2EEC-497D-B507-284B5579738D}.Release|Any CPU.ActiveCfg = Release|Any CPU
		{1DE05D3F-2EEC-497D-B507-284B5579738D}.Release|Any CPU.Build.0 = Release|Any CPU
		{FFC27262-8A85-452C-A483-A42422282CAC}.Debug|Any CPU.ActiveCfg = Debug|Any CPU
		{FFC27262-8A85-452C-A483-A42422282CAC}.Debug|Any CPU.Build.0 = Debug|Any CPU
		{FFC27262-8A85-452C-A483-A42422282CAC}.Release|Any CPU.ActiveCfg = Release|Any CPU
		{FFC27262-8A85-452C-A483-A42422282CAC}.Release|Any CPU.Build.0 = Release|Any CPU
		{A038B7F2-53A2-46D7-BC79-FC8C2420240E}.Debug|Any CPU.ActiveCfg = Debug|Any CPU
		{A038B7F2-53A2-46D7-BC79-FC8C2420240E}.Debug|Any CPU.Build.0 = Debug|Any CPU
		{A038B7F2-53A2-46D7-BC79-FC8C2420240E}.Release|Any CPU.ActiveCfg = Release|Any CPU
		{A038B7F2-53A2-46D7-BC79-FC8C2420240E}.Release|Any CPU.Build.0 = Release|Any CPU
		{811515AB-5FAB-4283-92B3-1884151F9EB8}.Debug|Any CPU.ActiveCfg = Debug|Any CPU
		{811515AB-5FAB-4283-92B3-1884151F9EB8}.Debug|Any CPU.Build.0 = Debug|Any CPU
		{811515AB-5FAB-4283-92B3-1884151F9EB8}.Release|Any CPU.ActiveCfg = Release|Any CPU
		{811515AB-5FAB-4283-92B3-1884151F9EB8}.Release|Any CPU.Build.0 = Release|Any CPU
	EndGlobalSection
	GlobalSection(SolutionProperties) = preSolution
		HideSolutionNode = FALSE
	EndGlobalSection
	GlobalSection(NestedProjects) = preSolution
		{A4F6DA8C-180F-4ADC-A127-BD6E10854058} = {76A473EE-2EF9-4BEC-ABB4-FF4CC9A5DE8B}
		{1DE05D3F-2EEC-497D-B507-284B5579738D} = {76A473EE-2EF9-4BEC-ABB4-FF4CC9A5DE8B}
		{FFC27262-8A85-452C-A483-A42422282CAC} = {76A473EE-2EF9-4BEC-ABB4-FF4CC9A5DE8B}
		{A038B7F2-53A2-46D7-BC79-FC8C2420240E} = {CF6FDD37-573D-442B-80FE-FC0902D69180}
		{811515AB-5FAB-4283-92B3-1884151F9EB8} = {BBE40798-65C1-4839-A82A-090D84CE53CD}
	EndGlobalSection
EndGlobal
