
Microsoft Visual Studio Solution File, Format Version 12.00
# Visual Studio 2013
VisualStudioVersion = 12.0.21005.1
MinimumVisualStudioVersion = 10.0.40219.1
Project("{FAE04EC0-301F-11D3-BF4B-00C04F79EFBC}") = "Camalot.Common", "Camalot.Common\Camalot.Common.csproj", "{DF6FE85F-0CF4-4F29-8A38-878D570E8F4D}"
EndProject
Global
	GlobalSection(SolutionConfigurationPlatforms) = preSolution
		Debug|Any CPU = Debug|Any CPU
		Release|Any CPU = Release|Any CPU
	EndGlobalSection
	GlobalSection(ProjectConfigurationPlatforms) = postSolution
		{DF6FE85F-0CF4-4F29-8A38-878D570E8F4D}.Debug|Any CPU.ActiveCfg = Debug|Any CPU
		{DF6FE85F-0CF4-4F29-8A38-878D570E8F4D}.Debug|Any CPU.Build.0 = Debug|Any CPU
		{DF6FE85F-0CF4-4F29-8A38-878D570E8F4D}.Release|Any CPU.ActiveCfg = Release|Any CPU
		{DF6FE85F-0CF4-4F29-8A38-878D570E8F4D}.Release|Any CPU.Build.0 = Release|Any CPU
	EndGlobalSection
	GlobalSection(SolutionProperties) = preSolution
		HideSolutionNode = FALSE
	EndGlobalSection
EndGlobal
